
Microsoft Visual Studio Solution File, Format Version 12.00
# Visual Studio 15
VisualStudioVersion = 15.0.26124.0
MinimumVisualStudioVersion = 15.0.26124.0
Project("{FAE04EC0-301F-11D3-BF4B-00C04F79EFBC}") = "GameTOP", "GameTOP\GameTOP.csproj", "{075256C3-DB1D-4287-A4B5-4A03EF937337}"
EndProject
Project("{FAE04EC0-301F-11D3-BF4B-00C04F79EFBC}") = "GameTOP.lib", "GameTOP.lib\GameTOP.lib.csproj", "{BA2E7E36-791B-4395-9F30-368EF354755E}"
EndProject
Project("{FAE04EC0-301F-11D3-BF4B-00C04F79EFBC}") = "GameTOP.Interface", "GameTOP.Interface\GameTOP.Interface.csproj", "{E9DBBA8D-ABA3-410E-A450-B8028B9585D7}"
EndProject
Global
	GlobalSection(SolutionConfigurationPlatforms) = preSolution
		Debug|Any CPU = Debug|Any CPU
		Debug|x64 = Debug|x64
		Debug|x86 = Debug|x86
		Release|Any CPU = Release|Any CPU
		Release|x64 = Release|x64
		Release|x86 = Release|x86
	EndGlobalSection
	GlobalSection(SolutionProperties) = preSolution
		HideSolutionNode = FALSE
	EndGlobalSection
	GlobalSection(ProjectConfigurationPlatforms) = postSolution
		{075256C3-DB1D-4287-A4B5-4A03EF937337}.Debug|Any CPU.ActiveCfg = Debug|Any CPU
		{075256C3-DB1D-4287-A4B5-4A03EF937337}.Debug|Any CPU.Build.0 = Debug|Any CPU
		{075256C3-DB1D-4287-A4B5-4A03EF937337}.Debug|x64.ActiveCfg = Debug|Any CPU
		{075256C3-DB1D-4287-A4B5-4A03EF937337}.Debug|x64.Build.0 = Debug|Any CPU
		{075256C3-DB1D-4287-A4B5-4A03EF937337}.Debug|x86.ActiveCfg = Debug|Any CPU
		{075256C3-DB1D-4287-A4B5-4A03EF937337}.Debug|x86.Build.0 = Debug|Any CPU
		{075256C3-DB1D-4287-A4B5-4A03EF937337}.Release|Any CPU.ActiveCfg = Release|Any CPU
		{075256C3-DB1D-4287-A4B5-4A03EF937337}.Release|Any CPU.Build.0 = Release|Any CPU
		{075256C3-DB1D-4287-A4B5-4A03EF937337}.Release|x64.ActiveCfg = Release|Any CPU
		{075256C3-DB1D-4287-A4B5-4A03EF937337}.Release|x64.Build.0 = Release|Any CPU
		{075256C3-DB1D-4287-A4B5-4A03EF937337}.Release|x86.ActiveCfg = Release|Any CPU
		{075256C3-DB1D-4287-A4B5-4A03EF937337}.Release|x86.Build.0 = Release|Any CPU
		{BA2E7E36-791B-4395-9F30-368EF354755E}.Debug|Any CPU.ActiveCfg = Debug|Any CPU
		{BA2E7E36-791B-4395-9F30-368EF354755E}.Debug|Any CPU.Build.0 = Debug|Any CPU
		{BA2E7E36-791B-4395-9F30-368EF354755E}.Debug|x64.ActiveCfg = Debug|Any CPU
		{BA2E7E36-791B-4395-9F30-368EF354755E}.Debug|x64.Build.0 = Debug|Any CPU
		{BA2E7E36-791B-4395-9F30-368EF354755E}.Debug|x86.ActiveCfg = Debug|Any CPU
		{BA2E7E36-791B-4395-9F30-368EF354755E}.Debug|x86.Build.0 = Debug|Any CPU
		{BA2E7E36-791B-4395-9F30-368EF354755E}.Release|Any CPU.ActiveCfg = Release|Any CPU
		{BA2E7E36-791B-4395-9F30-368EF354755E}.Release|Any CPU.Build.0 = Release|Any CPU
		{BA2E7E36-791B-4395-9F30-368EF354755E}.Release|x64.ActiveCfg = Release|Any CPU
		{BA2E7E36-791B-4395-9F30-368EF354755E}.Release|x64.Build.0 = Release|Any CPU
		{BA2E7E36-791B-4395-9F30-368EF354755E}.Release|x86.ActiveCfg = Release|Any CPU
		{BA2E7E36-791B-4395-9F30-368EF354755E}.Release|x86.Build.0 = Release|Any CPU
		{E9DBBA8D-ABA3-410E-A450-B8028B9585D7}.Debug|Any CPU.ActiveCfg = Debug|Any CPU
		{E9DBBA8D-ABA3-410E-A450-B8028B9585D7}.Debug|Any CPU.Build.0 = Debug|Any CPU
		{E9DBBA8D-ABA3-410E-A450-B8028B9585D7}.Debug|x64.ActiveCfg = Debug|Any CPU
		{E9DBBA8D-ABA3-410E-A450-B8028B9585D7}.Debug|x64.Build.0 = Debug|Any CPU
		{E9DBBA8D-ABA3-410E-A450-B8028B9585D7}.Debug|x86.ActiveCfg = Debug|Any CPU
		{E9DBBA8D-ABA3-410E-A450-B8028B9585D7}.Debug|x86.Build.0 = Debug|Any CPU
		{E9DBBA8D-ABA3-410E-A450-B8028B9585D7}.Release|Any CPU.ActiveCfg = Release|Any CPU
		{E9DBBA8D-ABA3-410E-A450-B8028B9585D7}.Release|Any CPU.Build.0 = Release|Any CPU
		{E9DBBA8D-ABA3-410E-A450-B8028B9585D7}.Release|x64.ActiveCfg = Release|Any CPU
		{E9DBBA8D-ABA3-410E-A450-B8028B9585D7}.Release|x64.Build.0 = Release|Any CPU
		{E9DBBA8D-ABA3-410E-A450-B8028B9585D7}.Release|x86.ActiveCfg = Release|Any CPU
		{E9DBBA8D-ABA3-410E-A450-B8028B9585D7}.Release|x86.Build.0 = Release|Any CPU
	EndGlobalSection
EndGlobal
